
Microsoft Visual Studio Solution File, Format Version 12.00
# Visual Studio Version 17
VisualStudioVersion = 17.12.35527.113
MinimumVisualStudioVersion = 10.0.40219.1
Project("{FAE04EC0-301F-11D3-BF4B-00C04F79EFBC}") = "UniversityDepartment_lab5", "UniversityDepartment_lab5\UniversityDepartment_lab5.csproj", "{64A65E92-5EAD-484D-829E-C949F288DB27}"
EndProject
Project("{FAE04EC0-301F-11D3-BF4B-00C04F79EFBC}") = "TestUniversityDepartment", "TestUniversityDepartment\TestUniversityDepartment.csproj", "{2DAF6F1A-9F01-402C-A476-310764363BFC}"
EndProject
Global
	GlobalSection(SolutionConfigurationPlatforms) = preSolution
		Debug|Any CPU = Debug|Any CPU
		Release|Any CPU = Release|Any CPU
	EndGlobalSection
	GlobalSection(ProjectConfigurationPlatforms) = postSolution
		{64A65E92-5EAD-484D-829E-C949F288DB27}.Debug|Any CPU.ActiveCfg = Debug|Any CPU
		{64A65E92-5EAD-484D-829E-C949F288DB27}.Debug|Any CPU.Build.0 = Debug|Any CPU
		{64A65E92-5EAD-484D-829E-C949F288DB27}.Release|Any CPU.ActiveCfg = Release|Any CPU
		{64A65E92-5EAD-484D-829E-C949F288DB27}.Release|Any CPU.Build.0 = Release|Any CPU
		{2DAF6F1A-9F01-402C-A476-310764363BFC}.Debug|Any CPU.ActiveCfg = Debug|Any CPU
		{2DAF6F1A-9F01-402C-A476-310764363BFC}.Debug|Any CPU.Build.0 = Debug|Any CPU
		{2DAF6F1A-9F01-402C-A476-310764363BFC}.Release|Any CPU.ActiveCfg = Release|Any CPU
		{2DAF6F1A-9F01-402C-A476-310764363BFC}.Release|Any CPU.Build.0 = Release|Any CPU
	EndGlobalSection
	GlobalSection(SolutionProperties) = preSolution
		HideSolutionNode = FALSE
	EndGlobalSection
EndGlobal
